// !$*UTF8*$!
{
	archiveVersion = 1;
	classes = {
	};
	objectVersion = 54;
	objects = {

/* Begin PBXBuildFile section */
		028938C2D56BA672C87BB1E3 /* NektWidget.appex in Embed Foundation Extensions */ = {isa = PBXBuildFile; fileRef = DADAF0987C12BD37CBF42864 /* NektWidget.appex */; settings = {ATTRIBUTES = (RemoveHeadersOnCopy, ); }; };

		0E67DA430BB342B287AC9199 /* AppDelegate.swift in Sources */ = {isa = PBXBuildFile; fileRef = 61FFB31CCB5D409082F3ED3D /* AppDelegate.swift */; };
		1227CAB069ABDB2903D87013 /* BLEPeripheralModule.swift in Sources */ = {isa = PBXBuildFile; fileRef = 7CCF253C0A81D090B4CC8807 /* BLEPeripheralModule.swift */; };
		13B07FBF1A68108700A75B9A /* Images.xcassets in Resources */ = {isa = PBXBuildFile; fileRef = 13B07FB51A68108700A75B9A /* Images.xcassets */; };
		311C41919805AD810E2001F8 /* ExpoModulesProvider.swift in Sources */ = {isa = PBXBuildFile; fileRef = 726FBB8E2F20AF2448A2C2FB /* ExpoModulesProvider.swift */; };
		3E461D99554A48A4959DE609 /* SplashScreen.storyboard in Resources */ = {isa = PBXBuildFile; fileRef = AA286B85B6C04FC6940260E9 /* SplashScreen.storyboard */; };
		42F6FDB67891564CCCCCF91D /* Assets.xcassets in Resources */ = {isa = PBXBuildFile; fileRef = 4B1D1684243EB9788FFEA21A /* Assets.xcassets */; };
		44B0D97AF86D3C480B466BCD /* NektWidget.swift in Sources */ = {isa = PBXBuildFile; fileRef = 2B3A58FB87DC15E02256148A /* NektWidget.swift */; };
		4BF37FD38FA9CC3906C97011 /* libPods-Nekt-NektClip.a in Frameworks */ = {isa = PBXBuildFile; fileRef = 94D4982128EAF8DC7DD0D1A4 /* libPods-Nekt-NektClip.a */; };
		550EA7A639604ADF8197E57C /* SplashScreen.storyboard in Resources */ = {isa = PBXBuildFile; fileRef = 0E5BFB13A91C41E088C44687 /* SplashScreen.storyboard */; };
		625C3BEF24F1460F86A2DC2A /* NektClip.app in Embed App Clips */ = {isa = PBXBuildFile; fileRef = 20D08CED9B4648B7B8D9CE32 /* NektClip.app */; };
		66A86780569549B2B5D9AD1B /* GoogleService-Info.plist in Resources */ = {isa = PBXBuildFile; fileRef = D15AB5A4D1B0490FAD83F2B0 /* GoogleService-Info.plist */; };
		67C466469A68D8D81FA262FE /* BLEPeripheralBridge.m in Sources */ = {isa = PBXBuildFile; fileRef = 2D032BA9EBFD4077000D1992 /* BLEPeripheralBridge.m */; };
		7965AB0D17904E368B5802C1 /* Images.xcassets in Resources */ = {isa = PBXBuildFile; fileRef = 62AFC407483E419EB0362091 /* Images.xcassets */; };
		AAAA11120000000000000001 /* SKOverlayModule.swift in Sources */ = {isa = PBXBuildFile; fileRef = AAAA11110000000000000001 /* SKOverlayModule.swift */; };
		AAAA11120000000000000002 /* SKOverlayBridge.m in Sources */ = {isa = PBXBuildFile; fileRef = AAAA11110000000000000002 /* SKOverlayBridge.m */; };
		BB2F792D24A3F905000567C9 /* Expo.plist in Resources */ = {isa = PBXBuildFile; fileRef = BB2F792C24A3F905000567C9 /* Expo.plist */; };
		C422021100BE4AD7A7DBC199 /* Expo.plist in Resources */ = {isa = PBXBuildFile; fileRef = 7FDE4945E3F14DC1ABB1A05A /* Expo.plist */; };
		C5AC8D80859FE6A05768FFA6 /* ExpoModulesProvider.swift in Sources */ = {isa = PBXBuildFile; fileRef = C94654EB843C251BC941E989 /* ExpoModulesProvider.swift */; };
		DA1205FE35CADCAB0408F93E /* libPods-Nekt.a in Frameworks */ = {isa = PBXBuildFile; fileRef = 259EE502C4C1B1AA44333CE6 /* libPods-Nekt.a */; };

		F06D88A7786DA3F627678E41 /* PrivacyInfo.xcprivacy in Resources */ = {isa = PBXBuildFile; fileRef = CD2A9E77C3DFEA8DC71BC972 /* PrivacyInfo.xcprivacy */; };
		F11748422D0307B40044C1D9 /* AppDelegate.swift in Sources */ = {isa = PBXBuildFile; fileRef = F11748412D0307B40044C1D9 /* AppDelegate.swift */; };

		F11748602E0100010044C1D9 /* MeCardModule.swift in Sources */ = {isa = PBXBuildFile; fileRef = F11748612E0100010044C1D9 /* MeCardModule.swift */; };
		F11748622E0100020044C1D9 /* MeCardBridge.m in Sources */ = {isa = PBXBuildFile; fileRef = F11748632E0100020044C1D9 /* MeCardBridge.m */; };
/* End PBXBuildFile section */

/* Begin PBXContainerItemProxy section */
		146303A9FEAAFB340391B008 /* PBXContainerItemProxy */ = {
			isa = PBXContainerItemProxy;
			containerPortal = 83CBB9F71A601CBA00E9B192 /* Project object */;
			proxyType = 1;
			remoteGlobalIDString = E927BBF876092C10C2DC4A6A;
			remoteInfo = NektWidget;
		};
		7B58EC21F9FC4B60B5FC8FCC /* PBXContainerItemProxy */ = {
			isa = PBXContainerItemProxy;
			containerPortal = 83CBB9F71A601CBA00E9B192 /* Project object */;
			proxyType = 1;
			remoteGlobalIDString = DE03DCB40768420780DC2B7C;
			remoteInfo = NektClip;
		};
/* End PBXContainerItemProxy section */

/* Begin PBXCopyFilesBuildPhase section */
		6E9D8A720BB4441881F6CCAE /* Embed App Clips */ = {
			isa = PBXCopyFilesBuildPhase;
			buildActionMask = 2147483647;
			dstPath = "$(CONTENTS_FOLDER_PATH)/AppClips";
			dstSubfolderSpec = 16;
			files = (
				625C3BEF24F1460F86A2DC2A /* NektClip.app in Embed App Clips */,
			);
			name = "Embed App Clips";
			runOnlyForDeploymentPostprocessing = 0;
		};
		D63BA2D8A0A9AAF7B531F982 /* Embed Foundation Extensions */ = {
			isa = PBXCopyFilesBuildPhase;
			buildActionMask = 2147483647;
			dstPath = "";
			dstSubfolderSpec = 13;
			files = (
				028938C2D56BA672C87BB1E3 /* NektWidget.appex in Embed Foundation Extensions */,
			);
			name = "Embed Foundation Extensions";
			runOnlyForDeploymentPostprocessing = 0;
		};
/* End PBXCopyFilesBuildPhase section */

/* Begin PBXFileReference section */
		0E5BFB13A91C41E088C44687 /* SplashScreen.storyboard */ = {isa = PBXFileReference; explicitFileType = undefined; fileEncoding = undefined; includeInIndex = 0; lastKnownFileType = unknown; name = SplashScreen.storyboard; path = SplashScreen.storyboard; sourceTree = "<group>"; };
		13B07F961A680F5B00A75B9A /* Nekt.app */ = {isa = PBXFileReference; explicitFileType = wrapper.application; includeInIndex = 0; path = Nekt.app; sourceTree = BUILT_PRODUCTS_DIR; };
		13B07FB51A68108700A75B9A /* Images.xcassets */ = {isa = PBXFileReference; lastKnownFileType = folder.assetcatalog; name = Images.xcassets; path = Nekt/Images.xcassets; sourceTree = "<group>"; };
		13B07FB61A68108700A75B9A /* Info.plist */ = {isa = PBXFileReference; fileEncoding = 4; lastKnownFileType = text.plist.xml; name = Info.plist; path = Nekt/Info.plist; sourceTree = "<group>"; };
		20D08CED9B4648B7B8D9CE32 /* NektClip.app */ = {isa = PBXFileReference; explicitFileType = wrapper.application; fileEncoding = undefined; includeInIndex = 0; lastKnownFileType = undefined; name = NektClip.app; path = NektClip.app; sourceTree = BUILT_PRODUCTS_DIR; };
		21ECECF400854999974318C4 /* NektClip.entitlements */ = {isa = PBXFileReference; explicitFileType = undefined; fileEncoding = undefined; includeInIndex = 0; lastKnownFileType = unknown; name = NektClip.entitlements; path = NektClip.entitlements; sourceTree = "<group>"; };
		259EE502C4C1B1AA44333CE6 /* libPods-Nekt.a */ = {isa = PBXFileReference; explicitFileType = archive.ar; includeInIndex = 0; path = "libPods-Nekt.a"; sourceTree = BUILT_PRODUCTS_DIR; };
		2B3A58FB87DC15E02256148A /* NektWidget.swift */ = {isa = PBXFileReference; lastKnownFileType = sourcecode.swift; name = NektWidget.swift; path = NektWidget.swift; sourceTree = "<group>"; };
		2D032BA9EBFD4077000D1992 /* BLEPeripheralBridge.m */ = {isa = PBXFileReference; lastKnownFileType = sourcecode.c.objc; name = BLEPeripheralBridge.m; path = Nekt/BLEPeripheralBridge.m; sourceTree = "<group>"; };

		45E0CA310B8D8C1EAC6FFEDD /* NektWidget.entitlements */ = {isa = PBXFileReference; lastKnownFileType = text.plist.entitlements; name = NektWidget.entitlements; path = NektWidget.entitlements; sourceTree = "<group>"; };
		4B1D1684243EB9788FFEA21A /* Assets.xcassets */ = {isa = PBXFileReference; lastKnownFileType = folder.assetcatalog; name = Assets.xcassets; path = Assets.xcassets; sourceTree = "<group>"; };
		61FFB31CCB5D409082F3ED3D /* AppDelegate.swift */ = {isa = PBXFileReference; explicitFileType = undefined; fileEncoding = 4; includeInIndex = 0; lastKnownFileType = sourcecode.swift; name = AppDelegate.swift; path = AppDelegate.swift; sourceTree = "<group>"; };
		62AFC407483E419EB0362091 /* Images.xcassets */ = {isa = PBXFileReference; explicitFileType = undefined; fileEncoding = undefined; includeInIndex = 0; lastKnownFileType = folder.assetcatalog; name = Images.xcassets; path = Images.xcassets; sourceTree = "<group>"; };
		62B972944E8B7DBF96127022 /* Pods-Nekt.debug.xcconfig */ = {isa = PBXFileReference; includeInIndex = 1; lastKnownFileType = text.xcconfig; name = "Pods-Nekt.debug.xcconfig"; path = "Target Support Files/Pods-Nekt/Pods-Nekt.debug.xcconfig"; sourceTree = "<group>"; };
		726FBB8E2F20AF2448A2C2FB /* ExpoModulesProvider.swift */ = {isa = PBXFileReference; includeInIndex = 1; lastKnownFileType = sourcecode.swift; name = ExpoModulesProvider.swift; path = "Pods/Target Support Files/Pods-Nekt/ExpoModulesProvider.swift"; sourceTree = "<group>"; };
		7CCF253C0A81D090B4CC8807 /* BLEPeripheralModule.swift */ = {isa = PBXFileReference; lastKnownFileType = sourcecode.swift; name = BLEPeripheralModule.swift; path = Nekt/BLEPeripheralModule.swift; sourceTree = "<group>"; };
		7D81114927E8C7DF6CB62358 /* Pods-Nekt-NektClip.debug.xcconfig */ = {isa = PBXFileReference; includeInIndex = 1; lastKnownFileType = text.xcconfig; name = "Pods-Nekt-NektClip.debug.xcconfig"; path = "Target Support Files/Pods-Nekt-NektClip/Pods-Nekt-NektClip.debug.xcconfig"; sourceTree = "<group>"; };
		7FDE4945E3F14DC1ABB1A05A /* Expo.plist */ = {isa = PBXFileReference; explicitFileType = undefined; fileEncoding = 4; includeInIndex = 0; lastKnownFileType = text.plist.xml; name = Expo.plist; path = Supporting/Expo.plist; sourceTree = "<group>"; };
		827E3FDF8F54450415C46016 /* Info.plist */ = {isa = PBXFileReference; lastKnownFileType = text.plist.xml; name = Info.plist; path = Info.plist; sourceTree = "<group>"; };
		9169ADC3DAA64A27B95E3053 /* Info.plist */ = {isa = PBXFileReference; explicitFileType = undefined; fileEncoding = 4; includeInIndex = 0; lastKnownFileType = text.plist.xml; name = Info.plist; path = Info.plist; sourceTree = "<group>"; };
		94D4982128EAF8DC7DD0D1A4 /* libPods-Nekt-NektClip.a */ = {isa = PBXFileReference; explicitFileType = archive.ar; includeInIndex = 0; path = "libPods-Nekt-NektClip.a"; sourceTree = BUILT_PRODUCTS_DIR; };
		9E7B83F13E431D03DE4C9A59 /* Pods-Nekt-NektClip.release.xcconfig */ = {isa = PBXFileReference; includeInIndex = 1; lastKnownFileType = text.xcconfig; name = "Pods-Nekt-NektClip.release.xcconfig"; path = "Target Support Files/Pods-Nekt-NektClip/Pods-Nekt-NektClip.release.xcconfig"; sourceTree = "<group>"; };
		AA286B85B6C04FC6940260E9 /* SplashScreen.storyboard */ = {isa = PBXFileReference; fileEncoding = 4; lastKnownFileType = file.storyboard; name = SplashScreen.storyboard; path = Nekt/SplashScreen.storyboard; sourceTree = "<group>"; };
		AAAA11110000000000000001 /* SKOverlayModule.swift */ = {isa = PBXFileReference; lastKnownFileType = sourcecode.swift; name = SKOverlayModule.swift; path = SKOverlayModule.swift; sourceTree = "<group>"; };
		AAAA11110000000000000002 /* SKOverlayBridge.m */ = {isa = PBXFileReference; lastKnownFileType = sourcecode.c.objc; name = SKOverlayBridge.m; path = SKOverlayBridge.m; sourceTree = "<group>"; };
		AAAA11110000000000000003 /* NektClip-Bridging-Header.h */ = {isa = PBXFileReference; lastKnownFileType = sourcecode.c.h; name = "NektClip-Bridging-Header.h"; path = "NektClip-Bridging-Header.h"; sourceTree = "<group>"; };
		BB2F792C24A3F905000567C9 /* Expo.plist */ = {isa = PBXFileReference; fileEncoding = 4; lastKnownFileType = text.plist.xml; path = Expo.plist; sourceTree = "<group>"; };
		C94654EB843C251BC941E989 /* ExpoModulesProvider.swift */ = {isa = PBXFileReference; includeInIndex = 1; lastKnownFileType = sourcecode.swift; name = ExpoModulesProvider.swift; path = "Pods/Target Support Files/Pods-Nekt-NektClip/ExpoModulesProvider.swift"; sourceTree = "<group>"; };
		CD2A9E77C3DFEA8DC71BC972 /* PrivacyInfo.xcprivacy */ = {isa = PBXFileReference; includeInIndex = 1; name = PrivacyInfo.xcprivacy; path = Nekt/PrivacyInfo.xcprivacy; sourceTree = "<group>"; };
		D15AB5A4D1B0490FAD83F2B0 /* GoogleService-Info.plist */ = {isa = PBXFileReference; explicitFileType = undefined; fileEncoding = 4; includeInIndex = 0; lastKnownFileType = text.plist.xml; name = "GoogleService-Info.plist"; path = "Nekt/GoogleService-Info.plist"; sourceTree = "<group>"; };
		DADAF0987C12BD37CBF42864 /* NektWidget.appex */ = {isa = PBXFileReference; explicitFileType = "wrapper.app-extension"; includeInIndex = 0; path = NektWidget.appex; sourceTree = BUILT_PRODUCTS_DIR; };
		ED297162215061F000B7C4FE /* JavaScriptCore.framework */ = {isa = PBXFileReference; lastKnownFileType = wrapper.framework; name = JavaScriptCore.framework; path = System/Library/Frameworks/JavaScriptCore.framework; sourceTree = SDKROOT; };
		F11748412D0307B40044C1D9 /* AppDelegate.swift */ = {isa = PBXFileReference; lastKnownFileType = sourcecode.swift; name = AppDelegate.swift; path = Nekt/AppDelegate.swift; sourceTree = "<group>"; };
		F11748442D0722820044C1D9 /* Nekt-Bridging-Header.h */ = {isa = PBXFileReference; lastKnownFileType = sourcecode.c.h; name = "Nekt-Bridging-Header.h"; path = "Nekt/Nekt-Bridging-Header.h"; sourceTree = "<group>"; };

		F11748612E0100010044C1D9 /* MeCardModule.swift */ = {isa = PBXFileReference; lastKnownFileType = sourcecode.swift; name = MeCardModule.swift; path = Nekt/MeCardModule.swift; sourceTree = "<group>"; };
		F11748632E0100020044C1D9 /* MeCardBridge.m */ = {isa = PBXFileReference; lastKnownFileType = sourcecode.c.objc; name = MeCardBridge.m; path = Nekt/MeCardBridge.m; sourceTree = "<group>"; };

		F519C527F9AF4931CB559F1F /* Pods-Nekt.release.xcconfig */ = {isa = PBXFileReference; includeInIndex = 1; lastKnownFileType = text.xcconfig; name = "Pods-Nekt.release.xcconfig"; path = "Target Support Files/Pods-Nekt/Pods-Nekt.release.xcconfig"; sourceTree = "<group>"; };
/* End PBXFileReference section */

/* Begin PBXFrameworksBuildPhase section */
		13B07F8C1A680F5B00A75B9A /* Frameworks */ = {
			isa = PBXFrameworksBuildPhase;
			buildActionMask = 2147483647;
			files = (
				DA1205FE35CADCAB0408F93E /* libPods-Nekt.a in Frameworks */,
			);
			runOnlyForDeploymentPostprocessing = 0;
		};
		C045FCF0AB4CB60822A0959E /* Frameworks */ = {
			isa = PBXFrameworksBuildPhase;
			buildActionMask = 2147483647;
			files = (
			);
			runOnlyForDeploymentPostprocessing = 0;
		};
		EE968844EEA44FA5990383EE /* Frameworks */ = {
			isa = PBXFrameworksBuildPhase;
			buildActionMask = 2147483647;
			files = (
				4BF37FD38FA9CC3906C97011 /* libPods-Nekt-NektClip.a in Frameworks */,
			);
			runOnlyForDeploymentPostprocessing = 0;
		};
/* End PBXFrameworksBuildPhase section */

/* Begin PBXGroup section */
		0AA535DF311DB754C6C83724 /* NektWidget */ = {
			isa = PBXGroup;
			children = (
				2B3A58FB87DC15E02256148A /* NektWidget.swift */,
				827E3FDF8F54450415C46016 /* Info.plist */,
				45E0CA310B8D8C1EAC6FFEDD /* NektWidget.entitlements */,
				4B1D1684243EB9788FFEA21A /* Assets.xcassets */,
			);
			name = NektWidget;
			path = NektWidget;
			sourceTree = "<group>";
		};
		13B07FAE1A68108700A75B9A /* Nekt */ = {
			isa = PBXGroup;
			children = (
				F11748412D0307B40044C1D9 /* AppDelegate.swift */,

				F11748612E0100010044C1D9 /* MeCardModule.swift */,
				F11748632E0100020044C1D9 /* MeCardBridge.m */,
				F11748442D0722820044C1D9 /* Nekt-Bridging-Header.h */,
				BB2F792B24A3F905000567C9 /* Supporting */,
				13B07FB51A68108700A75B9A /* Images.xcassets */,
				13B07FB61A68108700A75B9A /* Info.plist */,
				AA286B85B6C04FC6940260E9 /* SplashScreen.storyboard */,
				D15AB5A4D1B0490FAD83F2B0 /* GoogleService-Info.plist */,
				CD2A9E77C3DFEA8DC71BC972 /* PrivacyInfo.xcprivacy */,

				2D032BA9EBFD4077000D1992 /* BLEPeripheralBridge.m */,
				7CCF253C0A81D090B4CC8807 /* BLEPeripheralModule.swift */,
			);
			name = Nekt;
			sourceTree = "<group>";
		};
		2D16E6871FA4F8E400B85C8A /* Frameworks */ = {
			isa = PBXGroup;
			children = (
				ED297162215061F000B7C4FE /* JavaScriptCore.framework */,
				259EE502C4C1B1AA44333CE6 /* libPods-Nekt.a */,
				94D4982128EAF8DC7DD0D1A4 /* libPods-Nekt-NektClip.a */,
			);
			name = Frameworks;
			sourceTree = "<group>";
		};
		3CF101F22F8A0DBB4ACC8CEF /* NektClip */ = {
			isa = PBXGroup;
			children = (
				C94654EB843C251BC941E989 /* ExpoModulesProvider.swift */,
			);
			name = NektClip;
			sourceTree = "<group>";
		};
		74BDB85FBB3940D18E5EE174 /* NektClip */ = {
			isa = PBXGroup;
			children = (
				61FFB31CCB5D409082F3ED3D /* AppDelegate.swift */,
				AAAA11110000000000000001 /* SKOverlayModule.swift */,
				AAAA11110000000000000002 /* SKOverlayBridge.m */,
				AAAA11110000000000000003 /* NektClip-Bridging-Header.h */,
				9169ADC3DAA64A27B95E3053 /* Info.plist */,
				62AFC407483E419EB0362091 /* Images.xcassets */,
				0E5BFB13A91C41E088C44687 /* SplashScreen.storyboard */,
				21ECECF400854999974318C4 /* NektClip.entitlements */,
				7FDE4945E3F14DC1ABB1A05A /* Expo.plist */,
			);
			name = NektClip;
			path = NektClip;
			sourceTree = "<group>";
		};
		832341AE1AAA6A7D00B99B32 /* Libraries */ = {
			isa = PBXGroup;
			children = (
			);
			name = Libraries;
			sourceTree = "<group>";
		};
		83CBB9F61A601CBA00E9B192 = {
			isa = PBXGroup;
			children = (
				13B07FAE1A68108700A75B9A /* Nekt */,
				832341AE1AAA6A7D00B99B32 /* Libraries */,
				83CBBA001A601CBA00E9B192 /* Products */,
				2D16E6871FA4F8E400B85C8A /* Frameworks */,
				74BDB85FBB3940D18E5EE174 /* NektClip */,
				0AA535DF311DB754C6C83724 /* NektWidget */,
				D4ECCA3FE76A75D03B77B7EE /* Pods */,
				CCADD1C1302281B48048B963 /* ExpoModulesProviders */,
			);
			indentWidth = 2;
			sourceTree = "<group>";
			tabWidth = 2;
			usesTabs = 0;
		};
		83CBBA001A601CBA00E9B192 /* Products */ = {
			isa = PBXGroup;
			children = (
				13B07F961A680F5B00A75B9A /* Nekt.app */,
				20D08CED9B4648B7B8D9CE32 /* NektClip.app */,
				DADAF0987C12BD37CBF42864 /* NektWidget.appex */,
			);
			name = Products;
			sourceTree = "<group>";
		};
		B9D5774EEDAE311C65A4DFEE /* Nekt */ = {
			isa = PBXGroup;
			children = (
				726FBB8E2F20AF2448A2C2FB /* ExpoModulesProvider.swift */,
			);
			name = Nekt;
			sourceTree = "<group>";
		};
		BB2F792B24A3F905000567C9 /* Supporting */ = {
			isa = PBXGroup;
			children = (
				BB2F792C24A3F905000567C9 /* Expo.plist */,
			);
			name = Supporting;
			path = Nekt/Supporting;
			sourceTree = "<group>";
		};
		CCADD1C1302281B48048B963 /* ExpoModulesProviders */ = {
			isa = PBXGroup;
			children = (
				B9D5774EEDAE311C65A4DFEE /* Nekt */,
				3CF101F22F8A0DBB4ACC8CEF /* NektClip */,
			);
			name = ExpoModulesProviders;
			sourceTree = "<group>";
		};
		D4ECCA3FE76A75D03B77B7EE /* Pods */ = {
			isa = PBXGroup;
			children = (
				62B972944E8B7DBF96127022 /* Pods-Nekt.debug.xcconfig */,
				F519C527F9AF4931CB559F1F /* Pods-Nekt.release.xcconfig */,
				7D81114927E8C7DF6CB62358 /* Pods-Nekt-NektClip.debug.xcconfig */,
				9E7B83F13E431D03DE4C9A59 /* Pods-Nekt-NektClip.release.xcconfig */,
			);
			name = Pods;
			path = Pods;
			sourceTree = "<group>";
		};
/* End PBXGroup section */

/* Begin PBXNativeTarget section */
		13B07F861A680F5B00A75B9A /* Nekt */ = {
			isa = PBXNativeTarget;
			buildConfigurationList = 13B07F931A680F5B00A75B9A /* Build configuration list for PBXNativeTarget "Nekt" */;
			buildPhases = (
				08A4A3CD28434E44B6B9DE2E /* [CP] Check Pods Manifest.lock */,
				D6761D0A680317E983AF2E6B /* [Expo] Configure project */,
				13B07F871A680F5B00A75B9A /* Sources */,
				13B07F8C1A680F5B00A75B9A /* Frameworks */,
				13B07F8E1A680F5B00A75B9A /* Resources */,
				00DD1BFF1BD5951E006B06BC /* Bundle React Native code and images */,
				800E24972A6A228C8D4807E9 /* [CP] Copy Pods Resources */,
				6E9D8A720BB4441881F6CCAE /* Embed App Clips */,
				FCADD051B16DBAB44EAF07C3 /* [CP] Embed Pods Frameworks */,
				D63BA2D8A0A9AAF7B531F982 /* Embed Foundation Extensions */,
			);
			buildRules = (
			);
			dependencies = (
				3E335370E20A4F6E85CCFF22 /* PBXTargetDependency */,
				D984751EBC2ADB0BACA4A467 /* PBXTargetDependency */,
			);
			name = Nekt;
			productName = Nekt;
			productReference = 13B07F961A680F5B00A75B9A /* Nekt.app */;
			productType = "com.apple.product-type.application";
		};
		DE03DCB40768420780DC2B7C /* NektClip */ = {
			isa = PBXNativeTarget;
			buildConfigurationList = 8EF0056423F44A86AA351555 /* Build configuration list for PBXNativeTarget "NektClip" */;
			buildPhases = (
				B824A9C465CD6CDF79B345F1 /* [CP] Check Pods Manifest.lock */,
				83D016D791CB4214A7DE9BDF /* Start Packager */,
				332CC25D2403AA78071D0357 /* [Expo] Configure project */,
				FA26468FA0B34DD98DC17858 /* Sources */,
				EE968844EEA44FA5990383EE /* Frameworks */,
				EECE61F682E04C51BAA93357 /* Resources */,
				642BB4FBEF454D32B545EA06 /* Bundle React Native code and images */,
				E94726E70DF93852D955E044 /* [CP] Embed Pods Frameworks */,
				B82FCEED79D3F7D5E4395080 /* [CP] Copy Pods Resources */,
			);
			buildRules = (
			);
			dependencies = (
			);
			name = NektClip;
			productName = NektClip;
			productReference = 20D08CED9B4648B7B8D9CE32 /* NektClip.app */;
			productType = "com.apple.product-type.application.on-demand-install-capable";
		};
		E927BBF876092C10C2DC4A6A /* NektWidget */ = {
			isa = PBXNativeTarget;
			buildConfigurationList = 2C3308DB89144F3146E11005 /* Build configuration list for PBXNativeTarget "NektWidget" */;
			buildPhases = (
				C5EE72E297D89EBEA1B4366A /* Sources */,
				C045FCF0AB4CB60822A0959E /* Frameworks */,
				3B738B2E9EF2845304B1CC7E /* Resources */,
			);
			buildRules = (
			);
			dependencies = (
			);
			name = NektWidget;
			productName = NektWidget;
			productReference = DADAF0987C12BD37CBF42864 /* NektWidget.appex */;
			productType = "com.apple.product-type.app-extension";
		};
/* End PBXNativeTarget section */

/* Begin PBXProject section */
		83CBB9F71A601CBA00E9B192 /* Project object */ = {
			isa = PBXProject;
			attributes = {
				LastUpgradeCheck = 1130;
				TargetAttributes = {
					13B07F861A680F5B00A75B9A = {
						DevelopmentTeam = V4R5CSCQ2J;
						LastSwiftMigration = 1250;
						ProvisioningStyle = Automatic;
					};
					DE03DCB40768420780DC2B7C = {
						DevelopmentTeam = V4R5CSCQ2J;
						LastSwiftMigration = 1250;
						ProvisioningStyle = Automatic;
					};
					E927BBF876092C10C2DC4A6A = {
						DevelopmentTeam = V4R5CSCQ2J;
						ProvisioningStyle = Automatic;
					};
				};
			};
			buildConfigurationList = 83CBB9FA1A601CBA00E9B192 /* Build configuration list for PBXProject "Nekt" */;
			compatibilityVersion = "Xcode 3.2";
			developmentRegion = en;
			hasScannedForEncodings = 0;
			knownRegions = (
				en,
				Base,
			);
			mainGroup = 83CBB9F61A601CBA00E9B192;
			productRefGroup = 83CBBA001A601CBA00E9B192 /* Products */;
			projectDirPath = "";
			projectRoot = "";
			targets = (
				13B07F861A680F5B00A75B9A /* Nekt */,
				DE03DCB40768420780DC2B7C /* NektClip */,
				E927BBF876092C10C2DC4A6A /* NektWidget */,
			);
		};
/* End PBXProject section */

/* Begin PBXResourcesBuildPhase section */
		13B07F8E1A680F5B00A75B9A /* Resources */ = {
			isa = PBXResourcesBuildPhase;
			buildActionMask = 2147483647;
			files = (
				BB2F792D24A3F905000567C9 /* Expo.plist in Resources */,
				13B07FBF1A68108700A75B9A /* Images.xcassets in Resources */,
				3E461D99554A48A4959DE609 /* SplashScreen.storyboard in Resources */,
				66A86780569549B2B5D9AD1B /* GoogleService-Info.plist in Resources */,
				F06D88A7786DA3F627678E41 /* PrivacyInfo.xcprivacy in Resources */,
			);
			runOnlyForDeploymentPostprocessing = 0;
		};
		3B738B2E9EF2845304B1CC7E /* Resources */ = {
			isa = PBXResourcesBuildPhase;
			buildActionMask = 2147483647;
			files = (
				42F6FDB67891564CCCCCF91D /* Assets.xcassets in Resources */,
			);
			runOnlyForDeploymentPostprocessing = 0;
		};
		EECE61F682E04C51BAA93357 /* Resources */ = {
			isa = PBXResourcesBuildPhase;
			buildActionMask = 2147483647;
			files = (
				7965AB0D17904E368B5802C1 /* Images.xcassets in Resources */,
				550EA7A639604ADF8197E57C /* SplashScreen.storyboard in Resources */,
				C422021100BE4AD7A7DBC199 /* Expo.plist in Resources */,
			);
			runOnlyForDeploymentPostprocessing = 0;
		};
/* End PBXResourcesBuildPhase section */

/* Begin PBXShellScriptBuildPhase section */
		00DD1BFF1BD5951E006B06BC /* Bundle React Native code and images */ = {
			isa = PBXShellScriptBuildPhase;
			alwaysOutOfDate = 1;
			buildActionMask = 2147483647;
			files = (
			);
			inputPaths = (
				"$(SRCROOT)/.xcode.env",
				"$(SRCROOT)/.xcode.env.local",
			);
			name = "Bundle React Native code and images";
			outputPaths = (
			);
			runOnlyForDeploymentPostprocessing = 0;
			shellPath = /bin/sh;
			shellScript = "if [[ -f \"$PODS_ROOT/../.xcode.env\" ]]; then\n  source \"$PODS_ROOT/../.xcode.env\"\nfi\nif [[ -f \"$PODS_ROOT/../.xcode.env.local\" ]]; then\n  source \"$PODS_ROOT/../.xcode.env.local\"\nfi\n\n# The project root by default is one level up from the ios directory\nexport PROJECT_ROOT=\"$PROJECT_DIR\"/..\n\nif [[ \"$CONFIGURATION\" = *Debug* ]]; then\n  export SKIP_BUNDLING=1\nfi\nif [[ -z \"$ENTRY_FILE\" ]]; then\n  # Set the entry JS file using the bundler's entry resolution.\n  export ENTRY_FILE=\"$(\"$NODE_BINARY\" -e \"require('expo/scripts/resolveAppEntry')\" \"$PROJECT_ROOT\" ios absolute | tail -n 1)\"\nfi\n\nif [[ -z \"$CLI_PATH\" ]]; then\n  # Use Expo CLI\n  export CLI_PATH=\"$(\"$NODE_BINARY\" --print \"require.resolve('@expo/cli', { paths: [require.resolve('expo/package.json')] })\")\"\nfi\nif [[ -z \"$BUNDLE_COMMAND\" ]]; then\n  # Default Expo CLI command for bundling\n  export BUNDLE_COMMAND=\"export:embed\"\nfi\n\n# Source .xcode.env.updates if it exists to allow\n# SKIP_BUNDLING to be unset if needed\nif [[ -f \"$PODS_ROOT/../.xcode.env.updates\" ]]; then\n  source \"$PODS_ROOT/../.xcode.env.updates\"\nfi\n# Source local changes to allow overrides\n# if needed\nif [[ -f \"$PODS_ROOT/../.xcode.env.local\" ]]; then\n  source \"$PODS_ROOT/../.xcode.env.local\"\nfi\n\n`\"$NODE_BINARY\" --print \"require('path').dirname(require.resolve('react-native/package.json')) + '/scripts/react-native-xcode.sh'\"`\n\n";
		};
		08A4A3CD28434E44B6B9DE2E /* [CP] Check Pods Manifest.lock */ = {
			isa = PBXShellScriptBuildPhase;
			buildActionMask = 2147483647;
			files = (
			);
			inputFileListPaths = (
			);
			inputPaths = (
				"${PODS_PODFILE_DIR_PATH}/Podfile.lock",
				"${PODS_ROOT}/Manifest.lock",
			);
			name = "[CP] Check Pods Manifest.lock";
			outputFileListPaths = (
			);
			outputPaths = (
				"$(DERIVED_FILE_DIR)/Pods-Nekt-checkManifestLockResult.txt",
			);
			runOnlyForDeploymentPostprocessing = 0;
			shellPath = /bin/sh;
			shellScript = "diff \"${PODS_PODFILE_DIR_PATH}/Podfile.lock\" \"${PODS_ROOT}/Manifest.lock\" > /dev/null\nif [ $? != 0 ] ; then\n    # print error to STDERR\n    echo \"error: The sandbox is not in sync with the Podfile.lock. Run 'pod install' or update your CocoaPods installation.\" >&2\n    exit 1\nfi\n# This output is used by Xcode 'outputs' to avoid re-running this script phase.\necho \"SUCCESS\" > \"${SCRIPT_OUTPUT_FILE_0}\"\n";
			showEnvVarsInLog = 0;
		};
		332CC25D2403AA78071D0357 /* [Expo] Configure project */ = {
			isa = PBXShellScriptBuildPhase;
			alwaysOutOfDate = 1;
			buildActionMask = 2147483647;
			files = (
			);
			inputFileListPaths = (
			);
			inputPaths = (
				"$(SRCROOT)/.xcode.env",
				"$(SRCROOT)/.xcode.env.local",
				"$(SRCROOT)/NektClip/NektClip.entitlements",
				"$(SRCROOT)/Pods/Target Support Files/Pods-Nekt-NektClip/expo-configure-project.sh",
			);
			name = "[Expo] Configure project";
			outputFileListPaths = (
			);
			outputPaths = (
				"$(SRCROOT)/Pods/Target Support Files/Pods-Nekt-NektClip/ExpoModulesProvider.swift",
			);
			runOnlyForDeploymentPostprocessing = 0;
			shellPath = /bin/sh;
			shellScript = "# This script configures Expo modules and generates the modules provider file.\nbash -l -c \"./Pods/Target\\ Support\\ Files/Pods-Nekt-NektClip/expo-configure-project.sh\"\n";
		};
		642BB4FBEF454D32B545EA06 /* Bundle React Native code and images */ = {
			isa = PBXShellScriptBuildPhase;
			buildActionMask = 2147483647;
			files = (
			);
			inputPaths = (
			);
			name = "Bundle React Native code and images";
			outputPaths = (
			);
			runOnlyForDeploymentPostprocessing = 0;
			shellPath = /bin/sh;
			shellScript = "if [[ -f \"$PODS_ROOT/../.xcode.env\" ]]; then\n  source \"$PODS_ROOT/../.xcode.env\"\nfi\nif [[ -f \"$PODS_ROOT/../.xcode.env.local\" ]]; then\n  source \"$PODS_ROOT/../.xcode.env.local\"\nfi\n\nexport PROJECT_ROOT=\"$PROJECT_DIR\"/..\n\nif [[ \"$CONFIGURATION\" = *Debug* ]]; then\n  export SKIP_BUNDLING=1\nfi\n\n# Use the App Clip entry point\nexport ENTRY_FILE=\"$PROJECT_ROOT/AppClipEntry.ts\"\n\nif [[ -z \"$CLI_PATH\" ]]; then\n  export CLI_PATH=\"$(\"$NODE_BINARY\" --print \"require.resolve('@expo/cli', { paths: [require.resolve('expo/package.json')] })\")\"\nfi\nif [[ -z \"$BUNDLE_COMMAND\" ]]; then\n  export BUNDLE_COMMAND=\"export:embed\"\nfi\n\nif [[ -f \"$PODS_ROOT/../.xcode.env.updates\" ]]; then\n  source \"$PODS_ROOT/../.xcode.env.updates\"\nfi\nif [[ -f \"$PODS_ROOT/../.xcode.env.local\" ]]; then\n  source \"$PODS_ROOT/../.xcode.env.local\"\nfi\n\n`\"$NODE_BINARY\" --print \"require('path').dirname(require.resolve('react-native/package.json')) + '/scripts/react-native-xcode.sh'\"`\n";
		};
		800E24972A6A228C8D4807E9 /* [CP] Copy Pods Resources */ = {
			isa = PBXShellScriptBuildPhase;
			buildActionMask = 2147483647;
			files = (
			);
			inputPaths = (
				"${PODS_ROOT}/Target Support Files/Pods-Nekt/Pods-Nekt-resources.sh",
				"${PODS_CONFIGURATION_BUILD_DIR}/EXApplication/ExpoApplication_privacy.bundle",
				"${PODS_CONFIGURATION_BUILD_DIR}/EXConstants/EXConstants.bundle",
				"${PODS_CONFIGURATION_BUILD_DIR}/EXConstants/ExpoConstants_privacy.bundle",
				"${PODS_CONFIGURATION_BUILD_DIR}/ExpoFileSystem/ExpoFileSystem_privacy.bundle",
				"${PODS_CONFIGURATION_BUILD_DIR}/RNCAsyncStorage/RNCAsyncStorage_resources.bundle",
				"${PODS_CONFIGURATION_BUILD_DIR}/RNSVG/RNSVGFilters.bundle",
				"${PODS_CONFIGURATION_BUILD_DIR}/React-Core/React-Core_privacy.bundle",
				"${PODS_CONFIGURATION_BUILD_DIR}/React-cxxreact/React-cxxreact_privacy.bundle",
				"${PODS_CONFIGURATION_BUILD_DIR}/expo-dev-launcher/EXDevLauncher.bundle",
				"${PODS_CONFIGURATION_BUILD_DIR}/expo-dev-menu/EXDevMenu.bundle",
			);
			name = "[CP] Copy Pods Resources";
			outputPaths = (
				"${TARGET_BUILD_DIR}/${UNLOCALIZED_RESOURCES_FOLDER_PATH}/ExpoApplication_privacy.bundle",
				"${TARGET_BUILD_DIR}/${UNLOCALIZED_RESOURCES_FOLDER_PATH}/EXConstants.bundle",
				"${TARGET_BUILD_DIR}/${UNLOCALIZED_RESOURCES_FOLDER_PATH}/ExpoConstants_privacy.bundle",
				"${TARGET_BUILD_DIR}/${UNLOCALIZED_RESOURCES_FOLDER_PATH}/ExpoFileSystem_privacy.bundle",
				"${TARGET_BUILD_DIR}/${UNLOCALIZED_RESOURCES_FOLDER_PATH}/RNCAsyncStorage_resources.bundle",
				"${TARGET_BUILD_DIR}/${UNLOCALIZED_RESOURCES_FOLDER_PATH}/RNSVGFilters.bundle",
				"${TARGET_BUILD_DIR}/${UNLOCALIZED_RESOURCES_FOLDER_PATH}/React-Core_privacy.bundle",
				"${TARGET_BUILD_DIR}/${UNLOCALIZED_RESOURCES_FOLDER_PATH}/React-cxxreact_privacy.bundle",
				"${TARGET_BUILD_DIR}/${UNLOCALIZED_RESOURCES_FOLDER_PATH}/EXDevLauncher.bundle",
				"${TARGET_BUILD_DIR}/${UNLOCALIZED_RESOURCES_FOLDER_PATH}/EXDevMenu.bundle",
			);
			runOnlyForDeploymentPostprocessing = 0;
			shellPath = /bin/sh;
			shellScript = "\"${PODS_ROOT}/Target Support Files/Pods-Nekt/Pods-Nekt-resources.sh\"\n";
			showEnvVarsInLog = 0;
		};
		83D016D791CB4214A7DE9BDF /* Start Packager */ = {
			isa = PBXShellScriptBuildPhase;
			buildActionMask = 2147483647;
			files = (
			);
			inputPaths = (
			);
			name = "Start Packager";
			outputPaths = (
			);
			runOnlyForDeploymentPostprocessing = 0;
			shellPath = /bin/sh;
			shellScript = "if [[ -f \"$PODS_ROOT/../.xcode.env\" ]]; then\n  source \"$PODS_ROOT/../.xcode.env\"\nfi\nif [[ -f \"$PODS_ROOT/../.xcode.env.local\" ]]; then\n  source \"$PODS_ROOT/../.xcode.env.local\"\nfi\n\nexport RCT_METRO_PORT=\"${RCT_METRO_PORT:=8081}\"\necho \"export RCT_METRO_PORT=${RCT_METRO_PORT}\" > `$NODE_BINARY --print \"require('path').dirname(require.resolve('react-native/package.json')) + '/scripts/.packager.env'\"`\nif [ -z \"${RCT_NO_LAUNCH_PACKAGER+xxx}\" ] ; then\n  if nc -w 5 -z localhost ${RCT_METRO_PORT} ; then\n    if ! curl -s \"http://localhost:${RCT_METRO_PORT}/status\" | grep -q \"packager-status:running\" ; then\n      echo \"Port ${RCT_METRO_PORT} already in use, packager is either not running or not running correctly\"\n      exit 2\n    fi\n  else\n    open `$NODE_BINARY --print \"require('path').dirname(require.resolve('expo/package.json')) + '/scripts/launchPackager.command'\"` || echo \"Can't start packager automatically\"\n  fi\nfi\n";
		};
		B824A9C465CD6CDF79B345F1 /* [CP] Check Pods Manifest.lock */ = {
			isa = PBXShellScriptBuildPhase;
			buildActionMask = 2147483647;
			files = (
			);
			inputFileListPaths = (
			);
			inputPaths = (
				"${PODS_PODFILE_DIR_PATH}/Podfile.lock",
				"${PODS_ROOT}/Manifest.lock",
			);
			name = "[CP] Check Pods Manifest.lock";
			outputFileListPaths = (
			);
			outputPaths = (
				"$(DERIVED_FILE_DIR)/Pods-Nekt-NektClip-checkManifestLockResult.txt",
			);
			runOnlyForDeploymentPostprocessing = 0;
			shellPath = /bin/sh;
			shellScript = "diff \"${PODS_PODFILE_DIR_PATH}/Podfile.lock\" \"${PODS_ROOT}/Manifest.lock\" > /dev/null\nif [ $? != 0 ] ; then\n    # print error to STDERR\n    echo \"error: The sandbox is not in sync with the Podfile.lock. Run 'pod install' or update your CocoaPods installation.\" >&2\n    exit 1\nfi\n# This output is used by Xcode 'outputs' to avoid re-running this script phase.\necho \"SUCCESS\" > \"${SCRIPT_OUTPUT_FILE_0}\"\n";
			showEnvVarsInLog = 0;
		};
		B82FCEED79D3F7D5E4395080 /* [CP] Copy Pods Resources */ = {
			isa = PBXShellScriptBuildPhase;
			buildActionMask = 2147483647;
			files = (
			);
			inputPaths = (
				"${PODS_ROOT}/Target Support Files/Pods-Nekt-NektClip/Pods-Nekt-NektClip-resources.sh",
				"${PODS_CONFIGURATION_BUILD_DIR}/EXApplication/ExpoApplication_privacy.bundle",
				"${PODS_CONFIGURATION_BUILD_DIR}/EXConstants/EXConstants.bundle",
				"${PODS_CONFIGURATION_BUILD_DIR}/EXConstants/ExpoConstants_privacy.bundle",
				"${PODS_CONFIGURATION_BUILD_DIR}/ExpoFileSystem/ExpoFileSystem_privacy.bundle",
				"${PODS_CONFIGURATION_BUILD_DIR}/RNCAsyncStorage/RNCAsyncStorage_resources.bundle",
				"${PODS_CONFIGURATION_BUILD_DIR}/RNSVG/RNSVGFilters.bundle",
				"${PODS_CONFIGURATION_BUILD_DIR}/React-Core/React-Core_privacy.bundle",
				"${PODS_CONFIGURATION_BUILD_DIR}/React-cxxreact/React-cxxreact_privacy.bundle",
				"${PODS_CONFIGURATION_BUILD_DIR}/expo-dev-launcher/EXDevLauncher.bundle",
				"${PODS_CONFIGURATION_BUILD_DIR}/expo-dev-menu/EXDevMenu.bundle",
			);
			name = "[CP] Copy Pods Resources";
			outputPaths = (
				"${TARGET_BUILD_DIR}/${UNLOCALIZED_RESOURCES_FOLDER_PATH}/ExpoApplication_privacy.bundle",
				"${TARGET_BUILD_DIR}/${UNLOCALIZED_RESOURCES_FOLDER_PATH}/EXConstants.bundle",
				"${TARGET_BUILD_DIR}/${UNLOCALIZED_RESOURCES_FOLDER_PATH}/ExpoConstants_privacy.bundle",
				"${TARGET_BUILD_DIR}/${UNLOCALIZED_RESOURCES_FOLDER_PATH}/ExpoFileSystem_privacy.bundle",
				"${TARGET_BUILD_DIR}/${UNLOCALIZED_RESOURCES_FOLDER_PATH}/RNCAsyncStorage_resources.bundle",
				"${TARGET_BUILD_DIR}/${UNLOCALIZED_RESOURCES_FOLDER_PATH}/RNSVGFilters.bundle",
				"${TARGET_BUILD_DIR}/${UNLOCALIZED_RESOURCES_FOLDER_PATH}/React-Core_privacy.bundle",
				"${TARGET_BUILD_DIR}/${UNLOCALIZED_RESOURCES_FOLDER_PATH}/React-cxxreact_privacy.bundle",
				"${TARGET_BUILD_DIR}/${UNLOCALIZED_RESOURCES_FOLDER_PATH}/EXDevLauncher.bundle",
				"${TARGET_BUILD_DIR}/${UNLOCALIZED_RESOURCES_FOLDER_PATH}/EXDevMenu.bundle",
			);
			runOnlyForDeploymentPostprocessing = 0;
			shellPath = /bin/sh;
			shellScript = "\"${PODS_ROOT}/Target Support Files/Pods-Nekt-NektClip/Pods-Nekt-NektClip-resources.sh\"\n";
			showEnvVarsInLog = 0;
		};
		D6761D0A680317E983AF2E6B /* [Expo] Configure project */ = {
			isa = PBXShellScriptBuildPhase;
			alwaysOutOfDate = 1;
			buildActionMask = 2147483647;
			files = (
			);
			inputFileListPaths = (
			);
			inputPaths = (
				"$(SRCROOT)/.xcode.env",
				"$(SRCROOT)/.xcode.env.local",
				"$(SRCROOT)/Nekt/Nekt.entitlements",
				"$(SRCROOT)/Pods/Target Support Files/Pods-Nekt/expo-configure-project.sh",
			);
			name = "[Expo] Configure project";
			outputFileListPaths = (
			);
			outputPaths = (
				"$(SRCROOT)/Pods/Target Support Files/Pods-Nekt/ExpoModulesProvider.swift",
			);
			runOnlyForDeploymentPostprocessing = 0;
			shellPath = /bin/sh;
			shellScript = "# This script configures Expo modules and generates the modules provider file.\nbash -l -c \"./Pods/Target\\ Support\\ Files/Pods-Nekt/expo-configure-project.sh\"\n";
		};
		E94726E70DF93852D955E044 /* [CP] Embed Pods Frameworks */ = {
			isa = PBXShellScriptBuildPhase;
			buildActionMask = 2147483647;
			files = (
			);
			inputPaths = (
				"${PODS_ROOT}/Target Support Files/Pods-Nekt-NektClip/Pods-Nekt-NektClip-frameworks.sh",
				"${PODS_XCFRAMEWORKS_BUILD_DIR}/React-Core-prebuilt/React.framework/React",
				"${PODS_XCFRAMEWORKS_BUILD_DIR}/ReactNativeDependencies/ReactNativeDependencies.framework/ReactNativeDependencies",
				"${PODS_XCFRAMEWORKS_BUILD_DIR}/hermes-engine/Pre-built/hermes.framework/hermes",
			);
			name = "[CP] Embed Pods Frameworks";
			outputPaths = (
				"${TARGET_BUILD_DIR}/${FRAMEWORKS_FOLDER_PATH}/React.framework",
				"${TARGET_BUILD_DIR}/${FRAMEWORKS_FOLDER_PATH}/ReactNativeDependencies.framework",
				"${TARGET_BUILD_DIR}/${FRAMEWORKS_FOLDER_PATH}/hermes.framework",
			);
			runOnlyForDeploymentPostprocessing = 0;
			shellPath = /bin/sh;
			shellScript = "\"${PODS_ROOT}/Target Support Files/Pods-Nekt-NektClip/Pods-Nekt-NektClip-frameworks.sh\"\n";
			showEnvVarsInLog = 0;
		};
		FCADD051B16DBAB44EAF07C3 /* [CP] Embed Pods Frameworks */ = {
			isa = PBXShellScriptBuildPhase;
			buildActionMask = 2147483647;
			files = (
			);
			inputPaths = (
				"${PODS_ROOT}/Target Support Files/Pods-Nekt/Pods-Nekt-frameworks.sh",
				"${PODS_XCFRAMEWORKS_BUILD_DIR}/React-Core-prebuilt/React.framework/React",
				"${PODS_XCFRAMEWORKS_BUILD_DIR}/ReactNativeDependencies/ReactNativeDependencies.framework/ReactNativeDependencies",
				"${PODS_XCFRAMEWORKS_BUILD_DIR}/hermes-engine/Pre-built/hermes.framework/hermes",
			);
			name = "[CP] Embed Pods Frameworks";
			outputPaths = (
				"${TARGET_BUILD_DIR}/${FRAMEWORKS_FOLDER_PATH}/React.framework",
				"${TARGET_BUILD_DIR}/${FRAMEWORKS_FOLDER_PATH}/ReactNativeDependencies.framework",
				"${TARGET_BUILD_DIR}/${FRAMEWORKS_FOLDER_PATH}/hermes.framework",
			);
			runOnlyForDeploymentPostprocessing = 0;
			shellPath = /bin/sh;
			shellScript = "\"${PODS_ROOT}/Target Support Files/Pods-Nekt/Pods-Nekt-frameworks.sh\"\n";
			showEnvVarsInLog = 0;
		};
/* End PBXShellScriptBuildPhase section */

/* Begin PBXSourcesBuildPhase section */
		13B07F871A680F5B00A75B9A /* Sources */ = {
			isa = PBXSourcesBuildPhase;
			buildActionMask = 2147483647;
			files = (
				F11748422D0307B40044C1D9 /* AppDelegate.swift in Sources */,

				F11748602E0100010044C1D9 /* MeCardModule.swift in Sources */,
				F11748622E0100020044C1D9 /* MeCardBridge.m in Sources */,
				311C41919805AD810E2001F8 /* ExpoModulesProvider.swift in Sources */,

				67C466469A68D8D81FA262FE /* BLEPeripheralBridge.m in Sources */,
				1227CAB069ABDB2903D87013 /* BLEPeripheralModule.swift in Sources */,
			);
			runOnlyForDeploymentPostprocessing = 0;
		};
		C5EE72E297D89EBEA1B4366A /* Sources */ = {
			isa = PBXSourcesBuildPhase;
			buildActionMask = 2147483647;
			files = (
				44B0D97AF86D3C480B466BCD /* NektWidget.swift in Sources */,
			);
			runOnlyForDeploymentPostprocessing = 0;
		};
		FA26468FA0B34DD98DC17858 /* Sources */ = {
			isa = PBXSourcesBuildPhase;
			buildActionMask = 2147483647;
			files = (
				0E67DA430BB342B287AC9199 /* AppDelegate.swift in Sources */,
				C5AC8D80859FE6A05768FFA6 /* ExpoModulesProvider.swift in Sources */,
				AAAA11120000000000000001 /* SKOverlayModule.swift in Sources */,
				AAAA11120000000000000002 /* SKOverlayBridge.m in Sources */,
			);
			runOnlyForDeploymentPostprocessing = 0;
		};
/* End PBXSourcesBuildPhase section */

/* Begin PBXTargetDependency section */
		3E335370E20A4F6E85CCFF22 /* PBXTargetDependency */ = {
			isa = PBXTargetDependency;
			target = DE03DCB40768420780DC2B7C /* NektClip */;
			targetProxy = 7B58EC21F9FC4B60B5FC8FCC /* PBXContainerItemProxy */;
		};
		D984751EBC2ADB0BACA4A467 /* PBXTargetDependency */ = {
			isa = PBXTargetDependency;
			target = E927BBF876092C10C2DC4A6A /* NektWidget */;
			targetProxy = 146303A9FEAAFB340391B008 /* PBXContainerItemProxy */;
		};
/* End PBXTargetDependency section */

/* Begin XCBuildConfiguration section */
		0DE95FF53C91C48169E81BE0 /* Debug */ = {
			isa = XCBuildConfiguration;
			buildSettings = {
				ASSETCATALOG_COMPILER_GLOBAL_ACCENT_COLOR_NAME = AccentColor;
				ASSETCATALOG_COMPILER_WIDGET_BACKGROUND_COLOR_NAME = WidgetBackground;
				CC = "";
				CLANG_ENABLE_MODULES = YES;
				CODE_SIGN_ENTITLEMENTS = NektWidget/NektWidget.entitlements;
				CODE_SIGN_IDENTITY = "Apple Development";
				CODE_SIGN_STYLE = Automatic;
				CURRENT_PROJECT_VERSION = 1;
				CXX = "";
				DEVELOPMENT_TEAM = V4R5CSCQ2J;
				GENERATE_INFOPLIST_FILE = NO;
				INFOPLIST_FILE = NektWidget/Info.plist;
				IPHONEOS_DEPLOYMENT_TARGET = 18.0;
				LD = "";
				LDPLUSPLUS = "";
				LD_RUNPATH_SEARCH_PATHS = (
					"$(inherited)",
					"@executable_path/Frameworks",
					"@executable_path/../../Frameworks",
				);
				MARKETING_VERSION = 1.0;
				OTHER_SWIFT_FLAGS = "$(inherited) -D EXPO_CONFIGURATION_DEBUG";
				PRODUCT_BUNDLE_IDENTIFIER = com.nektus.app.Widget;
				PRODUCT_NAME = "$(TARGET_NAME)";
				SKIP_INSTALL = YES;
				SWIFT_EMIT_LOC_STRINGS = YES;
				SWIFT_OPTIMIZATION_LEVEL = "-Onone";
				SWIFT_VERSION = 5.0;
				TARGETED_DEVICE_FAMILY = 1;
			};
			name = Debug;
		};
		13B07F941A680F5B00A75B9A /* Debug */ = {
			isa = XCBuildConfiguration;
			baseConfigurationReference = 62B972944E8B7DBF96127022 /* Pods-Nekt.debug.xcconfig */;
			buildSettings = {
				ASSETCATALOG_COMPILER_APPICON_NAME = AppIcon;
				CLANG_ENABLE_MODULES = YES;
				CODE_SIGN_ENTITLEMENTS = Nekt/Nekt.entitlements;
				CODE_SIGN_IDENTITY = "Apple Development";
				CODE_SIGN_STYLE = Automatic;
				CURRENT_PROJECT_VERSION = 1;
				DEVELOPMENT_TEAM = V4R5CSCQ2J;
				ENABLE_BITCODE = NO;
				GCC_PREPROCESSOR_DEFINITIONS = (
					"$(inherited)",
					"FB_SONARKIT_ENABLED=1",
				);
				INFOPLIST_FILE = Nekt/Info.plist;
				IPHONEOS_DEPLOYMENT_TARGET = 15.1;
				LD_RUNPATH_SEARCH_PATHS = (
					"$(inherited)",
					"@executable_path/Frameworks",
				);
				MARKETING_VERSION = 1.0;
				OTHER_LDFLAGS = (
					"$(inherited)",
					"-ObjC",
					"-lc++",
				);
				OTHER_SWIFT_FLAGS = "$(inherited) -D EXPO_CONFIGURATION_DEBUG";
				PRODUCT_BUNDLE_IDENTIFIER = com.nektus.app;
				PRODUCT_NAME = Nekt;
				SWIFT_OBJC_BRIDGING_HEADER = "Nekt/Nekt-Bridging-Header.h";
				SWIFT_OPTIMIZATION_LEVEL = "-Onone";
				SWIFT_VERSION = 5.0;
				TARGETED_DEVICE_FAMILY = 1;
				VERSIONING_SYSTEM = "apple-generic";
			};
			name = Debug;
		};
		13B07F951A680F5B00A75B9A /* Release */ = {
			isa = XCBuildConfiguration;
			baseConfigurationReference = F519C527F9AF4931CB559F1F /* Pods-Nekt.release.xcconfig */;
			buildSettings = {
				ASSETCATALOG_COMPILER_APPICON_NAME = AppIcon;
				CLANG_ENABLE_MODULES = YES;
				CODE_SIGN_ENTITLEMENTS = Nekt/Nekt.entitlements;
				CODE_SIGN_IDENTITY = "Apple Distribution";
				CODE_SIGN_STYLE = Manual;
				CURRENT_PROJECT_VERSION = 1;
				DEVELOPMENT_TEAM = V4R5CSCQ2J;
				INFOPLIST_FILE = Nekt/Info.plist;
				IPHONEOS_DEPLOYMENT_TARGET = 15.1;
				LD_RUNPATH_SEARCH_PATHS = (
					"$(inherited)",
					"@executable_path/Frameworks",
				);
				MARKETING_VERSION = 1.0;
				OTHER_LDFLAGS = (
					"$(inherited)",
					"-ObjC",
					"-lc++",
				);
				OTHER_SWIFT_FLAGS = "$(inherited) -D EXPO_CONFIGURATION_RELEASE";
				PRODUCT_BUNDLE_IDENTIFIER = com.nektus.app;
				PRODUCT_NAME = Nekt;
				SWIFT_OBJC_BRIDGING_HEADER = "Nekt/Nekt-Bridging-Header.h";
				SWIFT_VERSION = 5.0;
				TARGETED_DEVICE_FAMILY = 1;
				VERSIONING_SYSTEM = "apple-generic";
			};
			name = Release;
		};
		6621DB62B0BE4711BD22CDCF /* Release */ = {
			isa = XCBuildConfiguration;
			baseConfigurationReference = 9E7B83F13E431D03DE4C9A59 /* Pods-Nekt-NektClip.release.xcconfig */;
			buildSettings = {
				ASSETCATALOG_COMPILER_APPICON_NAME = AppIcon;
				CLANG_ENABLE_MODULES = YES;
				CODE_SIGN_ENTITLEMENTS = NektClip/NektClip.entitlements;
				CODE_SIGN_IDENTITY = "Apple Distribution";
				CODE_SIGN_STYLE = Manual;
				CURRENT_PROJECT_VERSION = 8;
				DEVELOPMENT_TEAM = V4R5CSCQ2J;
				INFOPLIST_FILE = NektClip/Info.plist;
				IPHONEOS_DEPLOYMENT_TARGET = 17.0;
				OTHER_SWIFT_FLAGS = "$(inherited) -D EXPO_CONFIGURATION_RELEASE";
				PRODUCT_BUNDLE_IDENTIFIER = com.nektus.app.Clip;
				PRODUCT_NAME = "Nekt Clip";
				SWIFT_OBJC_BRIDGING_HEADER = "NektClip/NektClip-Bridging-Header.h";
				SWIFT_VERSION = 5.0;
				TARGETED_DEVICE_FAMILY = 1;
				VERSIONING_SYSTEM = "apple-generic";
			};
			name = Release;
		};
		7461F8015D4B426F8ECD08C1 /* Debug */ = {
			isa = XCBuildConfiguration;
			baseConfigurationReference = 7D81114927E8C7DF6CB62358 /* Pods-Nekt-NektClip.debug.xcconfig */;
			buildSettings = {
				ASSETCATALOG_COMPILER_APPICON_NAME = AppIcon;
				CLANG_ENABLE_MODULES = YES;
				CODE_SIGN_ENTITLEMENTS = NektClip/NektClip.entitlements;
				CODE_SIGN_IDENTITY = "Apple Development";
				CODE_SIGN_STYLE = Automatic;
				CURRENT_PROJECT_VERSION = 8;
				DEVELOPMENT_TEAM = V4R5CSCQ2J;
				INFOPLIST_FILE = NektClip/Info.plist;
				IPHONEOS_DEPLOYMENT_TARGET = 17.0;
				OTHER_SWIFT_FLAGS = "$(inherited) -D EXPO_CONFIGURATION_DEBUG";
				PRODUCT_BUNDLE_IDENTIFIER = com.nektus.app.Clip;
				PRODUCT_NAME = "Nekt Clip";
				SWIFT_OBJC_BRIDGING_HEADER = "NektClip/NektClip-Bridging-Header.h";
				SWIFT_VERSION = 5.0;
				TARGETED_DEVICE_FAMILY = 1;
				VERSIONING_SYSTEM = "apple-generic";
			};
			name = Debug;
		};
		83CBBA201A601CBA00E9B192 /* Debug */ = {
			isa = XCBuildConfiguration;
			buildSettings = {
				ALWAYS_SEARCH_USER_PATHS = NO;
				CC = "$(REACT_NATIVE_PATH)/scripts/xcode/ccache-clang.sh";
				CCACHE_BINARY = /opt/homebrew/bin/ccache;
				CLANG_ANALYZER_LOCALIZABILITY_NONLOCALIZED = YES;
				CLANG_CXX_LANGUAGE_STANDARD = "c++20";
				CLANG_CXX_LIBRARY = "libc++";
				CLANG_ENABLE_MODULES = YES;
				CLANG_ENABLE_OBJC_ARC = YES;
				CLANG_WARN_BLOCK_CAPTURE_AUTORELEASING = YES;
				CLANG_WARN_BOOL_CONVERSION = YES;
				CLANG_WARN_COMMA = YES;
				CLANG_WARN_CONSTANT_CONVERSION = YES;
				CLANG_WARN_DEPRECATED_OBJC_IMPLEMENTATIONS = YES;
				CLANG_WARN_DIRECT_OBJC_ISA_USAGE = YES_ERROR;
				CLANG_WARN_EMPTY_BODY = YES;
				CLANG_WARN_ENUM_CONVERSION = YES;
				CLANG_WARN_INFINITE_RECURSION = YES;
				CLANG_WARN_INT_CONVERSION = YES;
				CLANG_WARN_NON_LITERAL_NULL_CONVERSION = YES;
				CLANG_WARN_OBJC_IMPLICIT_RETAIN_SELF = YES;
				CLANG_WARN_OBJC_LITERAL_CONVERSION = YES;
				CLANG_WARN_OBJC_ROOT_CLASS = YES_ERROR;
				CLANG_WARN_RANGE_LOOP_ANALYSIS = YES;
				CLANG_WARN_STRICT_PROTOTYPES = YES;
				CLANG_WARN_SUSPICIOUS_MOVE = YES;
				CLANG_WARN_UNREACHABLE_CODE = YES;
				CLANG_WARN__DUPLICATE_METHOD_MATCH = YES;
				"CODE_SIGN_IDENTITY[sdk=iphoneos*]" = "iPhone Developer";
				COPY_PHASE_STRIP = NO;
				CXX = "$(REACT_NATIVE_PATH)/scripts/xcode/ccache-clang++.sh";
				ENABLE_STRICT_OBJC_MSGSEND = YES;
				ENABLE_TESTABILITY = YES;
				GCC_C_LANGUAGE_STANDARD = gnu99;
				GCC_DYNAMIC_NO_PIC = NO;
				GCC_NO_COMMON_BLOCKS = YES;
				GCC_OPTIMIZATION_LEVEL = 0;
				GCC_PREPROCESSOR_DEFINITIONS = (
					"DEBUG=1",
					"$(inherited)",
				);
				GCC_SYMBOLS_PRIVATE_EXTERN = NO;
				GCC_WARN_64_TO_32_BIT_CONVERSION = YES;
				GCC_WARN_ABOUT_RETURN_TYPE = YES_ERROR;
				GCC_WARN_UNDECLARED_SELECTOR = YES;
				GCC_WARN_UNINITIALIZED_AUTOS = YES_AGGRESSIVE;
				GCC_WARN_UNUSED_FUNCTION = YES;
				GCC_WARN_UNUSED_VARIABLE = YES;
				IPHONEOS_DEPLOYMENT_TARGET = 15.1;
				LD = "$(REACT_NATIVE_PATH)/scripts/xcode/ccache-clang.sh";
				LDPLUSPLUS = "$(REACT_NATIVE_PATH)/scripts/xcode/ccache-clang++.sh";
				LD_RUNPATH_SEARCH_PATHS = (
					/usr/lib/swift,
					"$(inherited)",
				);
				LIBRARY_SEARCH_PATHS = "$(SDKROOT)/usr/lib/swift\"$(inherited)\"";
				MTL_ENABLE_DEBUG_INFO = YES;
				ONLY_ACTIVE_ARCH = YES;
				REACT_NATIVE_PATH = "${PODS_ROOT}/../../../../node_modules/.bun/react-native@0.81.5+ec3712244f1fcaed/node_modules/react-native";
				SDKROOT = iphoneos;
				SWIFT_ACTIVE_COMPILATION_CONDITIONS = "$(inherited) DEBUG";
				SWIFT_ENABLE_EXPLICIT_MODULES = NO;
				USE_HERMES = true;
			};
			name = Debug;
		};
		83CBBA211A601CBA00E9B192 /* Release */ = {
			isa = XCBuildConfiguration;
			buildSettings = {
				ALWAYS_SEARCH_USER_PATHS = NO;
				CC = "$(REACT_NATIVE_PATH)/scripts/xcode/ccache-clang.sh";
				CCACHE_BINARY = /opt/homebrew/bin/ccache;
				CLANG_ANALYZER_LOCALIZABILITY_NONLOCALIZED = YES;
				CLANG_CXX_LANGUAGE_STANDARD = "c++20";
				CLANG_CXX_LIBRARY = "libc++";
				CLANG_ENABLE_MODULES = YES;
				CLANG_ENABLE_OBJC_ARC = YES;
				CLANG_WARN_BLOCK_CAPTURE_AUTORELEASING = YES;
				CLANG_WARN_BOOL_CONVERSION = YES;
				CLANG_WARN_COMMA = YES;
				CLANG_WARN_CONSTANT_CONVERSION = YES;
				CLANG_WARN_DEPRECATED_OBJC_IMPLEMENTATIONS = YES;
				CLANG_WARN_DIRECT_OBJC_ISA_USAGE = YES_ERROR;
				CLANG_WARN_EMPTY_BODY = YES;
				CLANG_WARN_ENUM_CONVERSION = YES;
				CLANG_WARN_INFINITE_RECURSION = YES;
				CLANG_WARN_INT_CONVERSION = YES;
				CLANG_WARN_NON_LITERAL_NULL_CONVERSION = YES;
				CLANG_WARN_OBJC_IMPLICIT_RETAIN_SELF = YES;
				CLANG_WARN_OBJC_LITERAL_CONVERSION = YES;
				CLANG_WARN_OBJC_ROOT_CLASS = YES_ERROR;
				CLANG_WARN_RANGE_LOOP_ANALYSIS = YES;
				CLANG_WARN_STRICT_PROTOTYPES = YES;
				CLANG_WARN_SUSPICIOUS_MOVE = YES;
				CLANG_WARN_UNREACHABLE_CODE = YES;
				CLANG_WARN__DUPLICATE_METHOD_MATCH = YES;
				"CODE_SIGN_IDENTITY[sdk=iphoneos*]" = "iPhone Developer";
				COPY_PHASE_STRIP = YES;
				CXX = "$(REACT_NATIVE_PATH)/scripts/xcode/ccache-clang++.sh";
				ENABLE_NS_ASSERTIONS = NO;
				ENABLE_STRICT_OBJC_MSGSEND = YES;
				GCC_C_LANGUAGE_STANDARD = gnu99;
				GCC_NO_COMMON_BLOCKS = YES;
				GCC_WARN_64_TO_32_BIT_CONVERSION = YES;
				GCC_WARN_ABOUT_RETURN_TYPE = YES_ERROR;
				GCC_WARN_UNDECLARED_SELECTOR = YES;
				GCC_WARN_UNINITIALIZED_AUTOS = YES_AGGRESSIVE;
				GCC_WARN_UNUSED_FUNCTION = YES;
				GCC_WARN_UNUSED_VARIABLE = YES;
				IPHONEOS_DEPLOYMENT_TARGET = 15.1;
				LD = "$(REACT_NATIVE_PATH)/scripts/xcode/ccache-clang.sh";
				LDPLUSPLUS = "$(REACT_NATIVE_PATH)/scripts/xcode/ccache-clang++.sh";
				LD_RUNPATH_SEARCH_PATHS = (
					/usr/lib/swift,
					"$(inherited)",
				);
				LIBRARY_SEARCH_PATHS = "$(SDKROOT)/usr/lib/swift\"$(inherited)\"";
				MTL_ENABLE_DEBUG_INFO = NO;
				REACT_NATIVE_PATH = "${PODS_ROOT}/../../../../node_modules/.bun/react-native@0.81.5+ec3712244f1fcaed/node_modules/react-native";
				SDKROOT = iphoneos;
				SWIFT_ENABLE_EXPLICIT_MODULES = NO;
				USE_HERMES = true;
				VALIDATE_PRODUCT = YES;
			};
			name = Release;
		};
		FD3140D98F778B3E850E8E23 /* Release */ = {
			isa = XCBuildConfiguration;
			buildSettings = {
				ASSETCATALOG_COMPILER_GLOBAL_ACCENT_COLOR_NAME = AccentColor;
				ASSETCATALOG_COMPILER_WIDGET_BACKGROUND_COLOR_NAME = WidgetBackground;
				CC = "";
				CLANG_ENABLE_MODULES = YES;
				CODE_SIGN_ENTITLEMENTS = NektWidget/NektWidget.entitlements;
				CODE_SIGN_IDENTITY = "Apple Distribution";
				CODE_SIGN_STYLE = Manual;
				CURRENT_PROJECT_VERSION = 1;
				CXX = "";
				DEVELOPMENT_TEAM = V4R5CSCQ2J;
				GENERATE_INFOPLIST_FILE = NO;
				INFOPLIST_FILE = NektWidget/Info.plist;
				IPHONEOS_DEPLOYMENT_TARGET = 18.0;
				LD = "";
				LDPLUSPLUS = "";
				LD_RUNPATH_SEARCH_PATHS = (
					"$(inherited)",
					"@executable_path/Frameworks",
					"@executable_path/../../Frameworks",
				);
				MARKETING_VERSION = 1.0;
				OTHER_SWIFT_FLAGS = "$(inherited) -D EXPO_CONFIGURATION_RELEASE";
				PRODUCT_BUNDLE_IDENTIFIER = com.nektus.app.Widget;
				PRODUCT_NAME = "$(TARGET_NAME)";
				SKIP_INSTALL = YES;
				SWIFT_EMIT_LOC_STRINGS = YES;
				SWIFT_VERSION = 5.0;
				TARGETED_DEVICE_FAMILY = 1;
			};
			name = Release;
		};
/* End XCBuildConfiguration section */

/* Begin XCConfigurationList section */
		13B07F931A680F5B00A75B9A /* Build configuration list for PBXNativeTarget "Nekt" */ = {
			isa = XCConfigurationList;
			buildConfigurations = (
				13B07F941A680F5B00A75B9A /* Debug */,
				13B07F951A680F5B00A75B9A /* Release */,
			);
			defaultConfigurationIsVisible = 0;
			defaultConfigurationName = Release;
		};
		2C3308DB89144F3146E11005 /* Build configuration list for PBXNativeTarget "NektWidget" */ = {
			isa = XCConfigurationList;
			buildConfigurations = (
				0DE95FF53C91C48169E81BE0 /* Debug */,
				FD3140D98F778B3E850E8E23 /* Release */,
			);
			defaultConfigurationIsVisible = 0;
			defaultConfigurationName = Release;
		};
		83CBB9FA1A601CBA00E9B192 /* Build configuration list for PBXProject "Nekt" */ = {
			isa = XCConfigurationList;
			buildConfigurations = (
				83CBBA201A601CBA00E9B192 /* Debug */,
				83CBBA211A601CBA00E9B192 /* Release */,
			);
			defaultConfigurationIsVisible = 0;
			defaultConfigurationName = Release;
		};
		8EF0056423F44A86AA351555 /* Build configuration list for PBXNativeTarget "NektClip" */ = {
			isa = XCConfigurationList;
			buildConfigurations = (
				7461F8015D4B426F8ECD08C1 /* Debug */,
				6621DB62B0BE4711BD22CDCF /* Release */,
			);
			defaultConfigurationIsVisible = 0;
			defaultConfigurationName = Release;
		};
/* End XCConfigurationList section */
	};
	rootObject = 83CBB9F71A601CBA00E9B192 /* Project object */;
}
